// !$*UTF8*$!
{
	archiveVersion = 1;
	classes = {
	};
	objectVersion = 55;
	objects = {

/* Begin PBXBuildFile section */
		8544D28D5FED298D8629B757 /* Pods_crypto_marketplaceTests.framework in Frameworks */ = {isa = PBXBuildFile; fileRef = D359D328DBA087B98D10D744 /* Pods_crypto_marketplaceTests.framework */; };
		C267D4707D430CA295ED72BE /* Pods_crypto_marketplace.framework in Frameworks */ = {isa = PBXBuildFile; fileRef = 90E9175FE7F4CF09426D0940 /* Pods_crypto_marketplace.framework */; };
		F94812E3285CE73100A0EAE8 /* AppDelegate.swift in Sources */ = {isa = PBXBuildFile; fileRef = F94812E2285CE73100A0EAE8 /* AppDelegate.swift */; };
		F94812E5285CE73100A0EAE8 /* SceneDelegate.swift in Sources */ = {isa = PBXBuildFile; fileRef = F94812E4285CE73100A0EAE8 /* SceneDelegate.swift */; };
		F94812EC285CE73200A0EAE8 /* Assets.xcassets in Resources */ = {isa = PBXBuildFile; fileRef = F94812EB285CE73200A0EAE8 /* Assets.xcassets */; };
		F94812EF285CE73200A0EAE8 /* LaunchScreen.storyboard in Resources */ = {isa = PBXBuildFile; fileRef = F94812ED285CE73200A0EAE8 /* LaunchScreen.storyboard */; };
		F9481314285D117B00A0EAE8 /* Constants.swift in Sources */ = {isa = PBXBuildFile; fileRef = F9481313285D117B00A0EAE8 /* Constants.swift */; };
		F9481319285D182500A0EAE8 /* Localizable.strings in Resources */ = {isa = PBXBuildFile; fileRef = F948131B285D182500A0EAE8 /* Localizable.strings */; };
		F948131D285D1ACC00A0EAE8 /* StringsGen.swift in Sources */ = {isa = PBXBuildFile; fileRef = F948131C285D1ACC00A0EAE8 /* StringsGen.swift */; };
		F9481321285D1E4C00A0EAE8 /* BitfinexTarget.swift in Sources */ = {isa = PBXBuildFile; fileRef = F9481320285D1E4C00A0EAE8 /* BitfinexTarget.swift */; };
		F9481323285D1E5500A0EAE8 /* BitfinexService.swift in Sources */ = {isa = PBXBuildFile; fileRef = F9481322285D1E5500A0EAE8 /* BitfinexService.swift */; };
		F9481329285D221E00A0EAE8 /* BitfinexCoinType.swift in Sources */ = {isa = PBXBuildFile; fileRef = F9481328285D221E00A0EAE8 /* BitfinexCoinType.swift */; };
		F948132B285D235100A0EAE8 /* BitfinexTickersParams.swift in Sources */ = {isa = PBXBuildFile; fileRef = F948132A285D235100A0EAE8 /* BitfinexTickersParams.swift */; };
		F948132D285D23D700A0EAE8 /* BitfinexTickerSymbolsParam.swift in Sources */ = {isa = PBXBuildFile; fileRef = F948132C285D23D700A0EAE8 /* BitfinexTickerSymbolsParam.swift */; };
		F948132F285D242400A0EAE8 /* NetworkingParam.swift in Sources */ = {isa = PBXBuildFile; fileRef = F948132E285D242400A0EAE8 /* NetworkingParam.swift */; };
		F9481331285D259600A0EAE8 /* NetworkingParams.swift in Sources */ = {isa = PBXBuildFile; fileRef = F9481330285D259600A0EAE8 /* NetworkingParams.swift */; };
		F9481333285DE66A00A0EAE8 /* PrimitiveSequenceType+ErrorLog.swift in Sources */ = {isa = PBXBuildFile; fileRef = F9481332285DE66A00A0EAE8 /* PrimitiveSequenceType+ErrorLog.swift */; };
		F9481335285DE7C000A0EAE8 /* Response+ErrorHandling.swift in Sources */ = {isa = PBXBuildFile; fileRef = F9481334285DE7C000A0EAE8 /* Response+ErrorHandling.swift */; };
		F9481338285DE7F900A0EAE8 /* BitfinexErrorResponse.swift in Sources */ = {isa = PBXBuildFile; fileRef = F9481337285DE7F900A0EAE8 /* BitfinexErrorResponse.swift */; };
		F948133A285DE80500A0EAE8 /* BitfinexError.swift in Sources */ = {isa = PBXBuildFile; fileRef = F9481339285DE80500A0EAE8 /* BitfinexError.swift */; };
		F948133C285E6EBF00A0EAE8 /* BitfinexTickersResponse.swift in Sources */ = {isa = PBXBuildFile; fileRef = F948133B285E6EBF00A0EAE8 /* BitfinexTickersResponse.swift */; };
		F948133E285E6F2000A0EAE8 /* BitfinexTicker.swift in Sources */ = {isa = PBXBuildFile; fileRef = F948133D285E6F2000A0EAE8 /* BitfinexTicker.swift */; };
		F9481342285E716F00A0EAE8 /* Collection+SafeAccess.swift in Sources */ = {isa = PBXBuildFile; fileRef = F9481341285E716F00A0EAE8 /* Collection+SafeAccess.swift */; };
		F9481344285E725800A0EAE8 /* JSONDecoder+Default.swift in Sources */ = {isa = PBXBuildFile; fileRef = F9481343285E725800A0EAE8 /* JSONDecoder+Default.swift */; };
		F9481346285EE30200A0EAE8 /* BitfinexCoinPair.swift in Sources */ = {isa = PBXBuildFile; fileRef = F9481345285EE30200A0EAE8 /* BitfinexCoinPair.swift */; };
		F948134A285EF39800A0EAE8 /* CryptoMarketplaceViewController.swift in Sources */ = {isa = PBXBuildFile; fileRef = F9481349285EF39700A0EAE8 /* CryptoMarketplaceViewController.swift */; };
		F948134C285EF3AB00A0EAE8 /* CryptoMarketplaceViewModel.swift in Sources */ = {isa = PBXBuildFile; fileRef = F948134B285EF3AB00A0EAE8 /* CryptoMarketplaceViewModel.swift */; };
		F9481350285EF5FE00A0EAE8 /* AppCoordinator.swift in Sources */ = {isa = PBXBuildFile; fileRef = F948134F285EF5FE00A0EAE8 /* AppCoordinator.swift */; };
		F9481353285EF68A00A0EAE8 /* Coordinator.swift in Sources */ = {isa = PBXBuildFile; fileRef = F9481352285EF68A00A0EAE8 /* Coordinator.swift */; };
		F9481355285EF7A700A0EAE8 /* UIWindow+RootViewController.swift in Sources */ = {isa = PBXBuildFile; fileRef = F9481354285EF7A700A0EAE8 /* UIWindow+RootViewController.swift */; };
		F9481357285EF7DF00A0EAE8 /* CryptoMarketplaceCoinPairsBuilder.swift in Sources */ = {isa = PBXBuildFile; fileRef = F9481356285EF7DF00A0EAE8 /* CryptoMarketplaceCoinPairsBuilder.swift */; };
		F9481359285EF89700A0EAE8 /* ActivityIndicator.swift in Sources */ = {isa = PBXBuildFile; fileRef = F9481358285EF89700A0EAE8 /* ActivityIndicator.swift */; };
		F948135C285F1A5300A0EAE8 /* CryptoMarketplaceTableViewCell.swift in Sources */ = {isa = PBXBuildFile; fileRef = F948135B285F1A5300A0EAE8 /* CryptoMarketplaceTableViewCell.swift */; };
		F948135E285F27AA00A0EAE8 /* CryptoMarketplaceCellViewModel.swift in Sources */ = {isa = PBXBuildFile; fileRef = F948135D285F27AA00A0EAE8 /* CryptoMarketplaceCellViewModel.swift */; };
		F9481360285F2DA200A0EAE8 /* CryptoMarketplacePriceChange.swift in Sources */ = {isa = PBXBuildFile; fileRef = F948135F285F2DA200A0EAE8 /* CryptoMarketplacePriceChange.swift */; };
		F9481363285F548800A0EAE8 /* UITableView+Register.swift in Sources */ = {isa = PBXBuildFile; fileRef = F9481362285F548800A0EAE8 /* UITableView+Register.swift */; };
		F9481365285F552900A0EAE8 /* ReusableView.swift in Sources */ = {isa = PBXBuildFile; fileRef = F9481364285F552900A0EAE8 /* ReusableView.swift */; };
		F948136A285F56CA00A0EAE8 /* CellViewModel.swift in Sources */ = {isa = PBXBuildFile; fileRef = F9481369285F56CA00A0EAE8 /* CellViewModel.swift */; };
		F948136C285F5A8F00A0EAE8 /* Observable+FilterNill.swift in Sources */ = {isa = PBXBuildFile; fileRef = F948136B285F5A8F00A0EAE8 /* Observable+FilterNill.swift */; };
		F9B04067285F73D80026947D /* UIColor+AppearanceMode.swift in Sources */ = {isa = PBXBuildFile; fileRef = F9B04066285F73D80026947D /* UIColor+AppearanceMode.swift */; };
		F9B04069285F7B110026947D /* BitfinexTickersParamsTests.swift in Sources */ = {isa = PBXBuildFile; fileRef = F9B04068285F7B110026947D /* BitfinexTickersParamsTests.swift */; };
		F9B0406C285F7C4F0026947D /* Mock.generated.swift in Sources */ = {isa = PBXBuildFile; fileRef = F9B0406B285F7C4F0026947D /* Mock.generated.swift */; };
/* End PBXBuildFile section */

/* Begin PBXContainerItemProxy section */
		F94812F6285CE73200A0EAE8 /* PBXContainerItemProxy */ = {
			isa = PBXContainerItemProxy;
			containerPortal = F94812D7285CE73100A0EAE8 /* Project object */;
			proxyType = 1;
			remoteGlobalIDString = F94812DE285CE73100A0EAE8;
			remoteInfo = "crypto-marketplace";
		};
/* End PBXContainerItemProxy section */

/* Begin PBXFileReference section */
		0B32E03C986FE2CE347054B6 /* Pods-crypto-marketplace-crypto-marketplaceUITests.debug.xcconfig */ = {isa = PBXFileReference; includeInIndex = 1; lastKnownFileType = text.xcconfig; name = "Pods-crypto-marketplace-crypto-marketplaceUITests.debug.xcconfig"; path = "Target Support Files/Pods-crypto-marketplace-crypto-marketplaceUITests/Pods-crypto-marketplace-crypto-marketplaceUITests.debug.xcconfig"; sourceTree = "<group>"; };
		2D570D66C7AE247034947D16 /* Pods_crypto_marketplace_crypto_marketplaceUITests.framework */ = {isa = PBXFileReference; explicitFileType = wrapper.framework; includeInIndex = 0; path = Pods_crypto_marketplace_crypto_marketplaceUITests.framework; sourceTree = BUILT_PRODUCTS_DIR; };
		3B0FACD58B7841415D800643 /* Pods-crypto-marketplaceTests.debug.xcconfig */ = {isa = PBXFileReference; includeInIndex = 1; lastKnownFileType = text.xcconfig; name = "Pods-crypto-marketplaceTests.debug.xcconfig"; path = "Target Support Files/Pods-crypto-marketplaceTests/Pods-crypto-marketplaceTests.debug.xcconfig"; sourceTree = "<group>"; };
		40ACB4E5EF9949D53BFB6BB7 /* Pods-crypto-marketplace.release.xcconfig */ = {isa = PBXFileReference; includeInIndex = 1; lastKnownFileType = text.xcconfig; name = "Pods-crypto-marketplace.release.xcconfig"; path = "Target Support Files/Pods-crypto-marketplace/Pods-crypto-marketplace.release.xcconfig"; sourceTree = "<group>"; };
		89AB2693405B4D004C06773E /* Pods-crypto-marketplaceTests.release.xcconfig */ = {isa = PBXFileReference; includeInIndex = 1; lastKnownFileType = text.xcconfig; name = "Pods-crypto-marketplaceTests.release.xcconfig"; path = "Target Support Files/Pods-crypto-marketplaceTests/Pods-crypto-marketplaceTests.release.xcconfig"; sourceTree = "<group>"; };
		90E9175FE7F4CF09426D0940 /* Pods_crypto_marketplace.framework */ = {isa = PBXFileReference; explicitFileType = wrapper.framework; includeInIndex = 0; path = Pods_crypto_marketplace.framework; sourceTree = BUILT_PRODUCTS_DIR; };
		D359D328DBA087B98D10D744 /* Pods_crypto_marketplaceTests.framework */ = {isa = PBXFileReference; explicitFileType = wrapper.framework; includeInIndex = 0; path = Pods_crypto_marketplaceTests.framework; sourceTree = BUILT_PRODUCTS_DIR; };
		F3071FDEDEB38EC6CEF6BB0C /* Pods-crypto-marketplace-crypto-marketplaceUITests.release.xcconfig */ = {isa = PBXFileReference; includeInIndex = 1; lastKnownFileType = text.xcconfig; name = "Pods-crypto-marketplace-crypto-marketplaceUITests.release.xcconfig"; path = "Target Support Files/Pods-crypto-marketplace-crypto-marketplaceUITests/Pods-crypto-marketplace-crypto-marketplaceUITests.release.xcconfig"; sourceTree = "<group>"; };
		F94812DF285CE73100A0EAE8 /* crypto-marketplace.app */ = {isa = PBXFileReference; explicitFileType = wrapper.application; includeInIndex = 0; path = "crypto-marketplace.app"; sourceTree = BUILT_PRODUCTS_DIR; };
		F94812E2285CE73100A0EAE8 /* AppDelegate.swift */ = {isa = PBXFileReference; lastKnownFileType = sourcecode.swift; path = AppDelegate.swift; sourceTree = "<group>"; };
		F94812E4285CE73100A0EAE8 /* SceneDelegate.swift */ = {isa = PBXFileReference; lastKnownFileType = sourcecode.swift; path = SceneDelegate.swift; sourceTree = "<group>"; };
		F94812EB285CE73200A0EAE8 /* Assets.xcassets */ = {isa = PBXFileReference; lastKnownFileType = folder.assetcatalog; path = Assets.xcassets; sourceTree = "<group>"; };
		F94812EE285CE73200A0EAE8 /* Base */ = {isa = PBXFileReference; lastKnownFileType = file.storyboard; name = Base; path = Base.lproj/LaunchScreen.storyboard; sourceTree = "<group>"; };
		F94812F0285CE73200A0EAE8 /* Info.plist */ = {isa = PBXFileReference; lastKnownFileType = text.plist.xml; path = Info.plist; sourceTree = "<group>"; };
		F94812F5285CE73200A0EAE8 /* crypto-marketplaceTests.xctest */ = {isa = PBXFileReference; explicitFileType = wrapper.cfbundle; includeInIndex = 0; path = "crypto-marketplaceTests.xctest"; sourceTree = BUILT_PRODUCTS_DIR; };
		F9481313285D117B00A0EAE8 /* Constants.swift */ = {isa = PBXFileReference; lastKnownFileType = sourcecode.swift; path = Constants.swift; sourceTree = "<group>"; };
		F948131A285D182500A0EAE8 /* en */ = {isa = PBXFileReference; lastKnownFileType = text.plist.strings; name = en; path = en.lproj/Localizable.strings; sourceTree = "<group>"; };
		F948131C285D1ACC00A0EAE8 /* StringsGen.swift */ = {isa = PBXFileReference; fileEncoding = 4; lastKnownFileType = sourcecode.swift; path = StringsGen.swift; sourceTree = "<group>"; };
		F9481320285D1E4C00A0EAE8 /* BitfinexTarget.swift */ = {isa = PBXFileReference; lastKnownFileType = sourcecode.swift; path = BitfinexTarget.swift; sourceTree = "<group>"; };
		F9481322285D1E5500A0EAE8 /* BitfinexService.swift */ = {isa = PBXFileReference; lastKnownFileType = sourcecode.swift; path = BitfinexService.swift; sourceTree = "<group>"; };
		F9481328285D221E00A0EAE8 /* BitfinexCoinType.swift */ = {isa = PBXFileReference; lastKnownFileType = sourcecode.swift; path = BitfinexCoinType.swift; sourceTree = "<group>"; };
		F948132A285D235100A0EAE8 /* BitfinexTickersParams.swift */ = {isa = PBXFileReference; lastKnownFileType = sourcecode.swift; path = BitfinexTickersParams.swift; sourceTree = "<group>"; };
		F948132C285D23D700A0EAE8 /* BitfinexTickerSymbolsParam.swift */ = {isa = PBXFileReference; lastKnownFileType = sourcecode.swift; path = BitfinexTickerSymbolsParam.swift; sourceTree = "<group>"; };
		F948132E285D242400A0EAE8 /* NetworkingParam.swift */ = {isa = PBXFileReference; lastKnownFileType = sourcecode.swift; path = NetworkingParam.swift; sourceTree = "<group>"; };
		F9481330285D259600A0EAE8 /* NetworkingParams.swift */ = {isa = PBXFileReference; lastKnownFileType = sourcecode.swift; path = NetworkingParams.swift; sourceTree = "<group>"; };
		F9481332285DE66A00A0EAE8 /* PrimitiveSequenceType+ErrorLog.swift */ = {isa = PBXFileReference; lastKnownFileType = sourcecode.swift; path = "PrimitiveSequenceType+ErrorLog.swift"; sourceTree = "<group>"; };
		F9481334285DE7C000A0EAE8 /* Response+ErrorHandling.swift */ = {isa = PBXFileReference; lastKnownFileType = sourcecode.swift; path = "Response+ErrorHandling.swift"; sourceTree = "<group>"; };
		F9481337285DE7F900A0EAE8 /* BitfinexErrorResponse.swift */ = {isa = PBXFileReference; lastKnownFileType = sourcecode.swift; path = BitfinexErrorResponse.swift; sourceTree = "<group>"; };
		F9481339285DE80500A0EAE8 /* BitfinexError.swift */ = {isa = PBXFileReference; lastKnownFileType = sourcecode.swift; path = BitfinexError.swift; sourceTree = "<group>"; };
		F948133B285E6EBF00A0EAE8 /* BitfinexTickersResponse.swift */ = {isa = PBXFileReference; lastKnownFileType = sourcecode.swift; path = BitfinexTickersResponse.swift; sourceTree = "<group>"; };
		F948133D285E6F2000A0EAE8 /* BitfinexTicker.swift */ = {isa = PBXFileReference; lastKnownFileType = sourcecode.swift; path = BitfinexTicker.swift; sourceTree = "<group>"; };
		F9481341285E716F00A0EAE8 /* Collection+SafeAccess.swift */ = {isa = PBXFileReference; lastKnownFileType = sourcecode.swift; path = "Collection+SafeAccess.swift"; sourceTree = "<group>"; };
		F9481343285E725800A0EAE8 /* JSONDecoder+Default.swift */ = {isa = PBXFileReference; lastKnownFileType = sourcecode.swift; path = "JSONDecoder+Default.swift"; sourceTree = "<group>"; };
		F9481345285EE30200A0EAE8 /* BitfinexCoinPair.swift */ = {isa = PBXFileReference; lastKnownFileType = sourcecode.swift; path = BitfinexCoinPair.swift; sourceTree = "<group>"; };
		F9481349285EF39700A0EAE8 /* CryptoMarketplaceViewController.swift */ = {isa = PBXFileReference; lastKnownFileType = sourcecode.swift; path = CryptoMarketplaceViewController.swift; sourceTree = "<group>"; };
		F948134B285EF3AB00A0EAE8 /* CryptoMarketplaceViewModel.swift */ = {isa = PBXFileReference; lastKnownFileType = sourcecode.swift; path = CryptoMarketplaceViewModel.swift; sourceTree = "<group>"; };
		F948134F285EF5FE00A0EAE8 /* AppCoordinator.swift */ = {isa = PBXFileReference; lastKnownFileType = sourcecode.swift; path = AppCoordinator.swift; sourceTree = "<group>"; };
		F9481352285EF68A00A0EAE8 /* Coordinator.swift */ = {isa = PBXFileReference; lastKnownFileType = sourcecode.swift; path = Coordinator.swift; sourceTree = "<group>"; };
		F9481354285EF7A700A0EAE8 /* UIWindow+RootViewController.swift */ = {isa = PBXFileReference; lastKnownFileType = sourcecode.swift; path = "UIWindow+RootViewController.swift"; sourceTree = "<group>"; };
		F9481356285EF7DF00A0EAE8 /* CryptoMarketplaceCoinPairsBuilder.swift */ = {isa = PBXFileReference; lastKnownFileType = sourcecode.swift; path = CryptoMarketplaceCoinPairsBuilder.swift; sourceTree = "<group>"; };
		F9481358285EF89700A0EAE8 /* ActivityIndicator.swift */ = {isa = PBXFileReference; lastKnownFileType = sourcecode.swift; path = ActivityIndicator.swift; sourceTree = "<group>"; };
		F948135B285F1A5300A0EAE8 /* CryptoMarketplaceTableViewCell.swift */ = {isa = PBXFileReference; lastKnownFileType = sourcecode.swift; path = CryptoMarketplaceTableViewCell.swift; sourceTree = "<group>"; };
		F948135D285F27AA00A0EAE8 /* CryptoMarketplaceCellViewModel.swift */ = {isa = PBXFileReference; lastKnownFileType = sourcecode.swift; path = CryptoMarketplaceCellViewModel.swift; sourceTree = "<group>"; };
		F948135F285F2DA200A0EAE8 /* CryptoMarketplacePriceChange.swift */ = {isa = PBXFileReference; lastKnownFileType = sourcecode.swift; path = CryptoMarketplacePriceChange.swift; sourceTree = "<group>"; };
		F9481362285F548800A0EAE8 /* UITableView+Register.swift */ = {isa = PBXFileReference; lastKnownFileType = sourcecode.swift; path = "UITableView+Register.swift"; sourceTree = "<group>"; };
		F9481364285F552900A0EAE8 /* ReusableView.swift */ = {isa = PBXFileReference; lastKnownFileType = sourcecode.swift; path = ReusableView.swift; sourceTree = "<group>"; };
		F9481369285F56CA00A0EAE8 /* CellViewModel.swift */ = {isa = PBXFileReference; lastKnownFileType = sourcecode.swift; path = CellViewModel.swift; sourceTree = "<group>"; };
		F948136B285F5A8F00A0EAE8 /* Observable+FilterNill.swift */ = {isa = PBXFileReference; lastKnownFileType = sourcecode.swift; path = "Observable+FilterNill.swift"; sourceTree = "<group>"; };
		F9B04066285F73D80026947D /* UIColor+AppearanceMode.swift */ = {isa = PBXFileReference; lastKnownFileType = sourcecode.swift; path = "UIColor+AppearanceMode.swift"; sourceTree = "<group>"; };
		F9B04068285F7B110026947D /* BitfinexTickersParamsTests.swift */ = {isa = PBXFileReference; lastKnownFileType = sourcecode.swift; path = BitfinexTickersParamsTests.swift; sourceTree = "<group>"; };
		F9B0406B285F7C4F0026947D /* Mock.generated.swift */ = {isa = PBXFileReference; fileEncoding = 4; lastKnownFileType = sourcecode.swift; path = Mock.generated.swift; sourceTree = "<group>"; };
		FDA7453C1E8A7B4E2FF4606E /* Pods-crypto-marketplace.debug.xcconfig */ = {isa = PBXFileReference; includeInIndex = 1; lastKnownFileType = text.xcconfig; name = "Pods-crypto-marketplace.debug.xcconfig"; path = "Target Support Files/Pods-crypto-marketplace/Pods-crypto-marketplace.debug.xcconfig"; sourceTree = "<group>"; };
/* End PBXFileReference section */

/* Begin PBXFrameworksBuildPhase section */
		F94812DC285CE73100A0EAE8 /* Frameworks */ = {
			isa = PBXFrameworksBuildPhase;
			buildActionMask = 2147483647;
			files = (
				C267D4707D430CA295ED72BE /* Pods_crypto_marketplace.framework in Frameworks */,
			);
			runOnlyForDeploymentPostprocessing = 0;
		};
		F94812F2285CE73200A0EAE8 /* Frameworks */ = {
			isa = PBXFrameworksBuildPhase;
			buildActionMask = 2147483647;
			files = (
				8544D28D5FED298D8629B757 /* Pods_crypto_marketplaceTests.framework in Frameworks */,
			);
			runOnlyForDeploymentPostprocessing = 0;
		};
/* End PBXFrameworksBuildPhase section */

/* Begin PBXGroup section */
		26F83EDC92B8B8B817CF43C1 /* Pods */ = {
			isa = PBXGroup;
			children = (
				FDA7453C1E8A7B4E2FF4606E /* Pods-crypto-marketplace.debug.xcconfig */,
				40ACB4E5EF9949D53BFB6BB7 /* Pods-crypto-marketplace.release.xcconfig */,
				0B32E03C986FE2CE347054B6 /* Pods-crypto-marketplace-crypto-marketplaceUITests.debug.xcconfig */,
				F3071FDEDEB38EC6CEF6BB0C /* Pods-crypto-marketplace-crypto-marketplaceUITests.release.xcconfig */,
				3B0FACD58B7841415D800643 /* Pods-crypto-marketplaceTests.debug.xcconfig */,
				89AB2693405B4D004C06773E /* Pods-crypto-marketplaceTests.release.xcconfig */,
			);
			path = Pods;
			sourceTree = "<group>";
		};
		3033E2EF8F459767A2ED89C8 /* Frameworks */ = {
			isa = PBXGroup;
			children = (
				90E9175FE7F4CF09426D0940 /* Pods_crypto_marketplace.framework */,
				2D570D66C7AE247034947D16 /* Pods_crypto_marketplace_crypto_marketplaceUITests.framework */,
				D359D328DBA087B98D10D744 /* Pods_crypto_marketplaceTests.framework */,
			);
			name = Frameworks;
			sourceTree = "<group>";
		};
		F94812D6285CE73100A0EAE8 = {
			isa = PBXGroup;
			children = (
				F94812E1285CE73100A0EAE8 /* crypto-marketplace */,
				F94812F8285CE73200A0EAE8 /* crypto-marketplaceTests */,
				F94812E0285CE73100A0EAE8 /* Products */,
				26F83EDC92B8B8B817CF43C1 /* Pods */,
				3033E2EF8F459767A2ED89C8 /* Frameworks */,
			);
			sourceTree = "<group>";
		};
		F94812E0285CE73100A0EAE8 /* Products */ = {
			isa = PBXGroup;
			children = (
				F94812DF285CE73100A0EAE8 /* crypto-marketplace.app */,
				F94812F5285CE73200A0EAE8 /* crypto-marketplaceTests.xctest */,
			);
			name = Products;
			sourceTree = "<group>";
		};
		F94812E1285CE73100A0EAE8 /* crypto-marketplace */ = {
			isa = PBXGroup;
			children = (
				F9481313285D117B00A0EAE8 /* Constants.swift */,
				F94812E2285CE73100A0EAE8 /* AppDelegate.swift */,
				F948134F285EF5FE00A0EAE8 /* AppCoordinator.swift */,
				F94812E4285CE73100A0EAE8 /* SceneDelegate.swift */,
				F9481351285EF60B00A0EAE8 /* Base */,
				F9481347285EF34700A0EAE8 /* ViewControllers */,
				F9481325285D200C00A0EAE8 /* Models */,
				F9481312285D113D00A0EAE8 /* Networking */,
				F9481340285E712A00A0EAE8 /* Extensions */,
				F9481316285D170100A0EAE8 /* Resources */,
				F9481315285D16D900A0EAE8 /* SwiftGen */,
				F94812F0285CE73200A0EAE8 /* Info.plist */,
			);
			path = "crypto-marketplace";
			sourceTree = "<group>";
		};
		F94812F8285CE73200A0EAE8 /* crypto-marketplaceTests */ = {
			isa = PBXGroup;
			children = (
				F9B0406A285F7BC10026947D /* Mocks */,
				F9B04068285F7B110026947D /* BitfinexTickersParamsTests.swift */,
			);
			path = "crypto-marketplaceTests";
			sourceTree = "<group>";
		};
		F9481312285D113D00A0EAE8 /* Networking */ = {
			isa = PBXGroup;
			children = (
				F948132E285D242400A0EAE8 /* NetworkingParam.swift */,
				F9481330285D259600A0EAE8 /* NetworkingParams.swift */,
				F948131F285D1E1400A0EAE8 /* Bitfinex */,
				F9481336285DE7C500A0EAE8 /* Extensions */,
			);
			path = Networking;
			sourceTree = "<group>";
		};
		F9481315285D16D900A0EAE8 /* SwiftGen */ = {
			isa = PBXGroup;
			children = (
				F948131C285D1ACC00A0EAE8 /* StringsGen.swift */,
			);
			path = SwiftGen;
			sourceTree = "<group>";
		};
		F9481316285D170100A0EAE8 /* Resources */ = {
			isa = PBXGroup;
			children = (
				F94812ED285CE73200A0EAE8 /* LaunchScreen.storyboard */,
				F94812EB285CE73200A0EAE8 /* Assets.xcassets */,
				F948131B285D182500A0EAE8 /* Localizable.strings */,
			);
			path = Resources;
			sourceTree = "<group>";
		};
		F948131F285D1E1400A0EAE8 /* Bitfinex */ = {
			isa = PBXGroup;
			children = (
				F9481320285D1E4C00A0EAE8 /* BitfinexTarget.swift */,
				F9481322285D1E5500A0EAE8 /* BitfinexService.swift */,
				F9481324285D1E7A00A0EAE8 /* Models */,
			);
			path = Bitfinex;
			sourceTree = "<group>";
		};
		F9481324285D1E7A00A0EAE8 /* Models */ = {
			isa = PBXGroup;
			children = (
				F9481328285D221E00A0EAE8 /* BitfinexCoinType.swift */,
				F9481345285EE30200A0EAE8 /* BitfinexCoinPair.swift */,
				F9481337285DE7F900A0EAE8 /* BitfinexErrorResponse.swift */,
				F9481339285DE80500A0EAE8 /* BitfinexError.swift */,
				F948133F285E6F2600A0EAE8 /* Ticker */,
			);
			path = Models;
			sourceTree = "<group>";
		};
		F9481325285D200C00A0EAE8 /* Models */ = {
			isa = PBXGroup;
			children = (
			);
			path = Models;
			sourceTree = "<group>";
		};
		F9481336285DE7C500A0EAE8 /* Extensions */ = {
			isa = PBXGroup;
			children = (
				F9481332285DE66A00A0EAE8 /* PrimitiveSequenceType+ErrorLog.swift */,
				F9481334285DE7C000A0EAE8 /* Response+ErrorHandling.swift */,
				F9481343285E725800A0EAE8 /* JSONDecoder+Default.swift */,
			);
			path = Extensions;
			sourceTree = "<group>";
		};
		F948133F285E6F2600A0EAE8 /* Ticker */ = {
			isa = PBXGroup;
			children = (
				F948132A285D235100A0EAE8 /* BitfinexTickersParams.swift */,
				F948132C285D23D700A0EAE8 /* BitfinexTickerSymbolsParam.swift */,
				F948133B285E6EBF00A0EAE8 /* BitfinexTickersResponse.swift */,
				F948133D285E6F2000A0EAE8 /* BitfinexTicker.swift */,
			);
			path = Ticker;
			sourceTree = "<group>";
		};
		F9481340285E712A00A0EAE8 /* Extensions */ = {
			isa = PBXGroup;
			children = (
				F9481341285E716F00A0EAE8 /* Collection+SafeAccess.swift */,
				F9481354285EF7A700A0EAE8 /* UIWindow+RootViewController.swift */,
				F9481362285F548800A0EAE8 /* UITableView+Register.swift */,
				F948136B285F5A8F00A0EAE8 /* Observable+FilterNill.swift */,
				F9B04066285F73D80026947D /* UIColor+AppearanceMode.swift */,
			);
			path = Extensions;
			sourceTree = "<group>";
		};
		F9481347285EF34700A0EAE8 /* ViewControllers */ = {
			isa = PBXGroup;
			children = (
				F9481348285EF35E00A0EAE8 /* CryptoMarketplace */,
			);
			path = ViewControllers;
			sourceTree = "<group>";
		};
		F9481348285EF35E00A0EAE8 /* CryptoMarketplace */ = {
			isa = PBXGroup;
			children = (
				F9481349285EF39700A0EAE8 /* CryptoMarketplaceViewController.swift */,
				F948134B285EF3AB00A0EAE8 /* CryptoMarketplaceViewModel.swift */,
				F9481356285EF7DF00A0EAE8 /* CryptoMarketplaceCoinPairsBuilder.swift */,
				F948135A285F1A3E00A0EAE8 /* Cell */,
			);
			path = CryptoMarketplace;
			sourceTree = "<group>";
		};
		F9481351285EF60B00A0EAE8 /* Base */ = {
			isa = PBXGroup;
			children = (
				F9481352285EF68A00A0EAE8 /* Coordinator.swift */,
				F9481358285EF89700A0EAE8 /* ActivityIndicator.swift */,
				F9481364285F552900A0EAE8 /* ReusableView.swift */,
				F9481369285F56CA00A0EAE8 /* CellViewModel.swift */,
			);
			path = Base;
			sourceTree = "<group>";
		};
		F948135A285F1A3E00A0EAE8 /* Cell */ = {
			isa = PBXGroup;
			children = (
				F948135B285F1A5300A0EAE8 /* CryptoMarketplaceTableViewCell.swift */,
				F948135D285F27AA00A0EAE8 /* CryptoMarketplaceCellViewModel.swift */,
				F948135F285F2DA200A0EAE8 /* CryptoMarketplacePriceChange.swift */,
			);
			path = Cell;
			sourceTree = "<group>";
		};
		F9B0406A285F7BC10026947D /* Mocks */ = {
			isa = PBXGroup;
			children = (
				F9B0406B285F7C4F0026947D /* Mock.generated.swift */,
			);
			path = Mocks;
			sourceTree = "<group>";
		};
/* End PBXGroup section */

/* Begin PBXNativeTarget section */
		F94812DE285CE73100A0EAE8 /* crypto-marketplace */ = {
			isa = PBXNativeTarget;
			buildConfigurationList = F9481309285CE73300A0EAE8 /* Build configuration list for PBXNativeTarget "crypto-marketplace" */;
			buildPhases = (
				D9CD3D5528A2101E014CF584 /* [CP] Check Pods Manifest.lock */,
				F94812DB285CE73100A0EAE8 /* Sources */,
				F94812DC285CE73100A0EAE8 /* Frameworks */,
				F94812DD285CE73100A0EAE8 /* Resources */,
				F948131E285D1C5200A0EAE8 /* Run SwiftLint */,
				0568455780516DAA5E6D3D61 /* [CP] Embed Pods Frameworks */,
			);
			buildRules = (
			);
			dependencies = (
			);
			name = "crypto-marketplace";
			productName = "crypto-marketplace";
			productReference = F94812DF285CE73100A0EAE8 /* crypto-marketplace.app */;
			productType = "com.apple.product-type.application";
		};
		F94812F4285CE73200A0EAE8 /* crypto-marketplaceTests */ = {
			isa = PBXNativeTarget;
			buildConfigurationList = F948130C285CE73300A0EAE8 /* Build configuration list for PBXNativeTarget "crypto-marketplaceTests" */;
			buildPhases = (
				42DFF1E60C9177890D3E9FA0 /* [CP] Check Pods Manifest.lock */,
				F94812F1285CE73200A0EAE8 /* Sources */,
				F94812F2285CE73200A0EAE8 /* Frameworks */,
				F94812F3285CE73200A0EAE8 /* Resources */,
				633F55FD3D09FCE480E80D8D /* [CP] Embed Pods Frameworks */,
			);
			buildRules = (
			);
			dependencies = (
				F94812F7285CE73200A0EAE8 /* PBXTargetDependency */,
			);
			name = "crypto-marketplaceTests";
			productName = "crypto-marketplaceTests";
			productReference = F94812F5285CE73200A0EAE8 /* crypto-marketplaceTests.xctest */;
			productType = "com.apple.product-type.bundle.unit-test";
		};
/* End PBXNativeTarget section */

/* Begin PBXProject section */
		F94812D7285CE73100A0EAE8 /* Project object */ = {
			isa = PBXProject;
			attributes = {
				BuildIndependentTargetsInParallel = 1;
				LastSwiftUpdateCheck = 1320;
				LastUpgradeCheck = 1320;
				TargetAttributes = {
					F94812DE285CE73100A0EAE8 = {
						CreatedOnToolsVersion = 13.2.1;
					};
					F94812F4285CE73200A0EAE8 = {
						CreatedOnToolsVersion = 13.2.1;
						TestTargetID = F94812DE285CE73100A0EAE8;
					};
				};
			};
			buildConfigurationList = F94812DA285CE73100A0EAE8 /* Build configuration list for PBXProject "crypto-marketplace" */;
			compatibilityVersion = "Xcode 13.0";
			developmentRegion = en;
			hasScannedForEncodings = 0;
			knownRegions = (
				en,
				Base,
			);
			mainGroup = F94812D6285CE73100A0EAE8;
			productRefGroup = F94812E0285CE73100A0EAE8 /* Products */;
			projectDirPath = "";
			projectRoot = "";
			targets = (
				F94812DE285CE73100A0EAE8 /* crypto-marketplace */,
				F94812F4285CE73200A0EAE8 /* crypto-marketplaceTests */,
			);
		};
/* End PBXProject section */

/* Begin PBXResourcesBuildPhase section */
		F94812DD285CE73100A0EAE8 /* Resources */ = {
			isa = PBXResourcesBuildPhase;
			buildActionMask = 2147483647;
			files = (
				F94812EF285CE73200A0EAE8 /* LaunchScreen.storyboard in Resources */,
				F9481319285D182500A0EAE8 /* Localizable.strings in Resources */,
				F94812EC285CE73200A0EAE8 /* Assets.xcassets in Resources */,
			);
			runOnlyForDeploymentPostprocessing = 0;
		};
		F94812F3285CE73200A0EAE8 /* Resources */ = {
			isa = PBXResourcesBuildPhase;
			buildActionMask = 2147483647;
			files = (
			);
			runOnlyForDeploymentPostprocessing = 0;
		};
/* End PBXResourcesBuildPhase section */

/* Begin PBXShellScriptBuildPhase section */
		0568455780516DAA5E6D3D61 /* [CP] Embed Pods Frameworks */ = {
			isa = PBXShellScriptBuildPhase;
			buildActionMask = 2147483647;
			files = (
			);
			inputFileListPaths = (
				"${PODS_ROOT}/Target Support Files/Pods-crypto-marketplace/Pods-crypto-marketplace-frameworks-${CONFIGURATION}-input-files.xcfilelist",
			);
			name = "[CP] Embed Pods Frameworks";
			outputFileListPaths = (
				"${PODS_ROOT}/Target Support Files/Pods-crypto-marketplace/Pods-crypto-marketplace-frameworks-${CONFIGURATION}-output-files.xcfilelist",
			);
			runOnlyForDeploymentPostprocessing = 0;
			shellPath = /bin/sh;
			shellScript = "\"${PODS_ROOT}/Target Support Files/Pods-crypto-marketplace/Pods-crypto-marketplace-frameworks.sh\"\n";
			showEnvVarsInLog = 0;
		};
		42DFF1E60C9177890D3E9FA0 /* [CP] Check Pods Manifest.lock */ = {
			isa = PBXShellScriptBuildPhase;
			buildActionMask = 2147483647;
			files = (
			);
			inputFileListPaths = (
			);
			inputPaths = (
				"${PODS_PODFILE_DIR_PATH}/Podfile.lock",
				"${PODS_ROOT}/Manifest.lock",
			);
			name = "[CP] Check Pods Manifest.lock";
			outputFileListPaths = (
			);
			outputPaths = (
				"$(DERIVED_FILE_DIR)/Pods-crypto-marketplaceTests-checkManifestLockResult.txt",
			);
			runOnlyForDeploymentPostprocessing = 0;
			shellPath = /bin/sh;
			shellScript = "diff \"${PODS_PODFILE_DIR_PATH}/Podfile.lock\" \"${PODS_ROOT}/Manifest.lock\" > /dev/null\nif [ $? != 0 ] ; then\n    # print error to STDERR\n    echo \"error: The sandbox is not in sync with the Podfile.lock. Run 'pod install' or update your CocoaPods installation.\" >&2\n    exit 1\nfi\n# This output is used by Xcode 'outputs' to avoid re-running this script phase.\necho \"SUCCESS\" > \"${SCRIPT_OUTPUT_FILE_0}\"\n";
			showEnvVarsInLog = 0;
		};
		633F55FD3D09FCE480E80D8D /* [CP] Embed Pods Frameworks */ = {
			isa = PBXShellScriptBuildPhase;
			buildActionMask = 2147483647;
			files = (
			);
			inputFileListPaths = (
				"${PODS_ROOT}/Target Support Files/Pods-crypto-marketplaceTests/Pods-crypto-marketplaceTests-frameworks-${CONFIGURATION}-input-files.xcfilelist",
			);
			name = "[CP] Embed Pods Frameworks";
			outputFileListPaths = (
				"${PODS_ROOT}/Target Support Files/Pods-crypto-marketplaceTests/Pods-crypto-marketplaceTests-frameworks-${CONFIGURATION}-output-files.xcfilelist",
			);
			runOnlyForDeploymentPostprocessing = 0;
			shellPath = /bin/sh;
			shellScript = "\"${PODS_ROOT}/Target Support Files/Pods-crypto-marketplaceTests/Pods-crypto-marketplaceTests-frameworks.sh\"\n";
			showEnvVarsInLog = 0;
		};
		D9CD3D5528A2101E014CF584 /* [CP] Check Pods Manifest.lock */ = {
			isa = PBXShellScriptBuildPhase;
			buildActionMask = 2147483647;
			files = (
			);
			inputFileListPaths = (
			);
			inputPaths = (
				"${PODS_PODFILE_DIR_PATH}/Podfile.lock",
				"${PODS_ROOT}/Manifest.lock",
			);
			name = "[CP] Check Pods Manifest.lock";
			outputFileListPaths = (
			);
			outputPaths = (
				"$(DERIVED_FILE_DIR)/Pods-crypto-marketplace-checkManifestLockResult.txt",
			);
			runOnlyForDeploymentPostprocessing = 0;
			shellPath = /bin/sh;
			shellScript = "diff \"${PODS_PODFILE_DIR_PATH}/Podfile.lock\" \"${PODS_ROOT}/Manifest.lock\" > /dev/null\nif [ $? != 0 ] ; then\n    # print error to STDERR\n    echo \"error: The sandbox is not in sync with the Podfile.lock. Run 'pod install' or update your CocoaPods installation.\" >&2\n    exit 1\nfi\n# This output is used by Xcode 'outputs' to avoid re-running this script phase.\necho \"SUCCESS\" > \"${SCRIPT_OUTPUT_FILE_0}\"\n";
			showEnvVarsInLog = 0;
		};
		F948131E285D1C5200A0EAE8 /* Run SwiftLint */ = {
			isa = PBXShellScriptBuildPhase;
			buildActionMask = 2147483647;
			files = (
			);
			inputFileListPaths = (
			);
			inputPaths = (
			);
			name = "Run SwiftLint";
			outputFileListPaths = (
			);
			outputPaths = (
			);
			runOnlyForDeploymentPostprocessing = 0;
			shellPath = /bin/sh;
			shellScript = "${PODS_ROOT}/SwiftLint/swiftlint\n";
		};
/* End PBXShellScriptBuildPhase section */

/* Begin PBXSourcesBuildPhase section */
		F94812DB285CE73100A0EAE8 /* Sources */ = {
			isa = PBXSourcesBuildPhase;
			buildActionMask = 2147483647;
			files = (
				F948133E285E6F2000A0EAE8 /* BitfinexTicker.swift in Sources */,
				F9481342285E716F00A0EAE8 /* Collection+SafeAccess.swift in Sources */,
				F948133C285E6EBF00A0EAE8 /* BitfinexTickersResponse.swift in Sources */,
				F9481359285EF89700A0EAE8 /* ActivityIndicator.swift in Sources */,
				F948133A285DE80500A0EAE8 /* BitfinexError.swift in Sources */,
				F948131D285D1ACC00A0EAE8 /* StringsGen.swift in Sources */,
				F94812E3285CE73100A0EAE8 /* AppDelegate.swift in Sources */,
				F9481333285DE66A00A0EAE8 /* PrimitiveSequenceType+ErrorLog.swift in Sources */,
				F9481360285F2DA200A0EAE8 /* CryptoMarketplacePriceChange.swift in Sources */,
				F948136A285F56CA00A0EAE8 /* CellViewModel.swift in Sources */,
				F948135C285F1A5300A0EAE8 /* CryptoMarketplaceTableViewCell.swift in Sources */,
				F9481338285DE7F900A0EAE8 /* BitfinexErrorResponse.swift in Sources */,
				F94812E5285CE73100A0EAE8 /* SceneDelegate.swift in Sources */,
				F948134C285EF3AB00A0EAE8 /* CryptoMarketplaceViewModel.swift in Sources */,
				F9481321285D1E4C00A0EAE8 /* BitfinexTarget.swift in Sources */,
				F9481350285EF5FE00A0EAE8 /* AppCoordinator.swift in Sources */,
				F9481335285DE7C000A0EAE8 /* Response+ErrorHandling.swift in Sources */,
				F9481331285D259600A0EAE8 /* NetworkingParams.swift in Sources */,
				F9481323285D1E5500A0EAE8 /* BitfinexService.swift in Sources */,
				F948132B285D235100A0EAE8 /* BitfinexTickersParams.swift in Sources */,
				F948132D285D23D700A0EAE8 /* BitfinexTickerSymbolsParam.swift in Sources */,
				F9B04067285F73D80026947D /* UIColor+AppearanceMode.swift in Sources */,
				F9481346285EE30200A0EAE8 /* BitfinexCoinPair.swift in Sources */,
				F9481363285F548800A0EAE8 /* UITableView+Register.swift in Sources */,
				F9481344285E725800A0EAE8 /* JSONDecoder+Default.swift in Sources */,
				F9481355285EF7A700A0EAE8 /* UIWindow+RootViewController.swift in Sources */,
				F948132F285D242400A0EAE8 /* NetworkingParam.swift in Sources */,
				F948136C285F5A8F00A0EAE8 /* Observable+FilterNill.swift in Sources */,
				F9481357285EF7DF00A0EAE8 /* CryptoMarketplaceCoinPairsBuilder.swift in Sources */,
				F9481314285D117B00A0EAE8 /* Constants.swift in Sources */,
				F9481365285F552900A0EAE8 /* ReusableView.swift in Sources */,
				F9481353285EF68A00A0EAE8 /* Coordinator.swift in Sources */,
				F948134A285EF39800A0EAE8 /* CryptoMarketplaceViewController.swift in Sources */,
				F9481329285D221E00A0EAE8 /* BitfinexCoinType.swift in Sources */,
				F948135E285F27AA00A0EAE8 /* CryptoMarketplaceCellViewModel.swift in Sources */,
			);
			runOnlyForDeploymentPostprocessing = 0;
		};
		F94812F1285CE73200A0EAE8 /* Sources */ = {
			isa = PBXSourcesBuildPhase;
			buildActionMask = 2147483647;
			files = (
				F9B0406C285F7C4F0026947D /* Mock.generated.swift in Sources */,
				F9B04069285F7B110026947D /* BitfinexTickersParamsTests.swift in Sources */,
			);
			runOnlyForDeploymentPostprocessing = 0;
		};
/* End PBXSourcesBuildPhase section */

/* Begin PBXTargetDependency section */
		F94812F7285CE73200A0EAE8 /* PBXTargetDependency */ = {
			isa = PBXTargetDependency;
			target = F94812DE285CE73100A0EAE8 /* crypto-marketplace */;
			targetProxy = F94812F6285CE73200A0EAE8 /* PBXContainerItemProxy */;
		};
/* End PBXTargetDependency section */

/* Begin PBXVariantGroup section */
		F94812ED285CE73200A0EAE8 /* LaunchScreen.storyboard */ = {
			isa = PBXVariantGroup;
			children = (
				F94812EE285CE73200A0EAE8 /* Base */,
			);
			name = LaunchScreen.storyboard;
			sourceTree = "<group>";
		};
		F948131B285D182500A0EAE8 /* Localizable.strings */ = {
			isa = PBXVariantGroup;
			children = (
				F948131A285D182500A0EAE8 /* en */,
			);
			name = Localizable.strings;
			sourceTree = "<group>";
		};
/* End PBXVariantGroup section */

/* Begin XCBuildConfiguration section */
		F9481307285CE73300A0EAE8 /* Debug */ = {
			isa = XCBuildConfiguration;
			buildSettings = {
				ALWAYS_SEARCH_USER_PATHS = NO;
				CLANG_ANALYZER_NONNULL = YES;
				CLANG_ANALYZER_NUMBER_OBJECT_CONVERSION = YES_AGGRESSIVE;
				CLANG_CXX_LANGUAGE_STANDARD = "gnu++17";
				CLANG_CXX_LIBRARY = "libc++";
				CLANG_ENABLE_MODULES = YES;
				CLANG_ENABLE_OBJC_ARC = YES;
				CLANG_ENABLE_OBJC_WEAK = YES;
				CLANG_WARN_BLOCK_CAPTURE_AUTORELEASING = YES;
				CLANG_WARN_BOOL_CONVERSION = YES;
				CLANG_WARN_COMMA = YES;
				CLANG_WARN_CONSTANT_CONVERSION = YES;
				CLANG_WARN_DEPRECATED_OBJC_IMPLEMENTATIONS = YES;
				CLANG_WARN_DIRECT_OBJC_ISA_USAGE = YES_ERROR;
				CLANG_WARN_DOCUMENTATION_COMMENTS = YES;
				CLANG_WARN_EMPTY_BODY = YES;
				CLANG_WARN_ENUM_CONVERSION = YES;
				CLANG_WARN_INFINITE_RECURSION = YES;
				CLANG_WARN_INT_CONVERSION = YES;
				CLANG_WARN_NON_LITERAL_NULL_CONVERSION = YES;
				CLANG_WARN_OBJC_IMPLICIT_RETAIN_SELF = YES;
				CLANG_WARN_OBJC_LITERAL_CONVERSION = YES;
				CLANG_WARN_OBJC_ROOT_CLASS = YES_ERROR;
				CLANG_WARN_QUOTED_INCLUDE_IN_FRAMEWORK_HEADER = YES;
				CLANG_WARN_RANGE_LOOP_ANALYSIS = YES;
				CLANG_WARN_STRICT_PROTOTYPES = YES;
				CLANG_WARN_SUSPICIOUS_MOVE = YES;
				CLANG_WARN_UNGUARDED_AVAILABILITY = YES_AGGRESSIVE;
				CLANG_WARN_UNREACHABLE_CODE = YES;
				CLANG_WARN__DUPLICATE_METHOD_MATCH = YES;
				COPY_PHASE_STRIP = NO;
				DEBUG_INFORMATION_FORMAT = dwarf;
				ENABLE_STRICT_OBJC_MSGSEND = YES;
				ENABLE_TESTABILITY = YES;
				GCC_C_LANGUAGE_STANDARD = gnu11;
				GCC_DYNAMIC_NO_PIC = NO;
				GCC_NO_COMMON_BLOCKS = YES;
				GCC_OPTIMIZATION_LEVEL = 0;
				GCC_PREPROCESSOR_DEFINITIONS = (
					"DEBUG=1",
					"$(inherited)",
				);
				GCC_WARN_64_TO_32_BIT_CONVERSION = YES;
				GCC_WARN_ABOUT_RETURN_TYPE = YES_ERROR;
				GCC_WARN_UNDECLARED_SELECTOR = YES;
				GCC_WARN_UNINITIALIZED_AUTOS = YES_AGGRESSIVE;
				GCC_WARN_UNUSED_FUNCTION = YES;
				GCC_WARN_UNUSED_VARIABLE = YES;
				IPHONEOS_DEPLOYMENT_TARGET = 15.2;
				MTL_ENABLE_DEBUG_INFO = INCLUDE_SOURCE;
				MTL_FAST_MATH = YES;
				ONLY_ACTIVE_ARCH = YES;
				SDKROOT = iphoneos;
				SWIFT_ACTIVE_COMPILATION_CONDITIONS = DEBUG;
				SWIFT_OPTIMIZATION_LEVEL = "-Onone";
			};
			name = Debug;
		};
		F9481308285CE73300A0EAE8 /* Release */ = {
			isa = XCBuildConfiguration;
			buildSettings = {
				ALWAYS_SEARCH_USER_PATHS = NO;
				CLANG_ANALYZER_NONNULL = YES;
				CLANG_ANALYZER_NUMBER_OBJECT_CONVERSION = YES_AGGRESSIVE;
				CLANG_CXX_LANGUAGE_STANDARD = "gnu++17";
				CLANG_CXX_LIBRARY = "libc++";
				CLANG_ENABLE_MODULES = YES;
				CLANG_ENABLE_OBJC_ARC = YES;
				CLANG_ENABLE_OBJC_WEAK = YES;
				CLANG_WARN_BLOCK_CAPTURE_AUTORELEASING = YES;
				CLANG_WARN_BOOL_CONVERSION = YES;
				CLANG_WARN_COMMA = YES;
				CLANG_WARN_CONSTANT_CONVERSION = YES;
				CLANG_WARN_DEPRECATED_OBJC_IMPLEMENTATIONS = YES;
				CLANG_WARN_DIRECT_OBJC_ISA_USAGE = YES_ERROR;
				CLANG_WARN_DOCUMENTATION_COMMENTS = YES;
				CLANG_WARN_EMPTY_BODY = YES;
				CLANG_WARN_ENUM_CONVERSION = YES;
				CLANG_WARN_INFINITE_RECURSION = YES;
				CLANG_WARN_INT_CONVERSION = YES;
				CLANG_WARN_NON_LITERAL_NULL_CONVERSION = YES;
				CLANG_WARN_OBJC_IMPLICIT_RETAIN_SELF = YES;
				CLANG_WARN_OBJC_LITERAL_CONVERSION = YES;
				CLANG_WARN_OBJC_ROOT_CLASS = YES_ERROR;
				CLANG_WARN_QUOTED_INCLUDE_IN_FRAMEWORK_HEADER = YES;
				CLANG_WARN_RANGE_LOOP_ANALYSIS = YES;
				CLANG_WARN_STRICT_PROTOTYPES = YES;
				CLANG_WARN_SUSPICIOUS_MOVE = YES;
				CLANG_WARN_UNGUARDED_AVAILABILITY = YES_AGGRESSIVE;
				CLANG_WARN_UNREACHABLE_CODE = YES;
				CLANG_WARN__DUPLICATE_METHOD_MATCH = YES;
				COPY_PHASE_STRIP = NO;
				DEBUG_INFORMATION_FORMAT = "dwarf-with-dsym";
				ENABLE_NS_ASSERTIONS = NO;
				ENABLE_STRICT_OBJC_MSGSEND = YES;
				GCC_C_LANGUAGE_STANDARD = gnu11;
				GCC_NO_COMMON_BLOCKS = YES;
				GCC_WARN_64_TO_32_BIT_CONVERSION = YES;
				GCC_WARN_ABOUT_RETURN_TYPE = YES_ERROR;
				GCC_WARN_UNDECLARED_SELECTOR = YES;
				GCC_WARN_UNINITIALIZED_AUTOS = YES_AGGRESSIVE;
				GCC_WARN_UNUSED_FUNCTION = YES;
				GCC_WARN_UNUSED_VARIABLE = YES;
				IPHONEOS_DEPLOYMENT_TARGET = 15.2;
				MTL_ENABLE_DEBUG_INFO = NO;
				MTL_FAST_MATH = YES;
				SDKROOT = iphoneos;
				SWIFT_COMPILATION_MODE = wholemodule;
				SWIFT_OPTIMIZATION_LEVEL = "-O";
				VALIDATE_PRODUCT = YES;
			};
			name = Release;
		};
		F948130A285CE73300A0EAE8 /* Debug */ = {
			isa = XCBuildConfiguration;
			baseConfigurationReference = FDA7453C1E8A7B4E2FF4606E /* Pods-crypto-marketplace.debug.xcconfig */;
			buildSettings = {
				ASSETCATALOG_COMPILER_APPICON_NAME = AppIcon;
				ASSETCATALOG_COMPILER_GLOBAL_ACCENT_COLOR_NAME = AccentColor;
				CODE_SIGN_STYLE = Automatic;
				CURRENT_PROJECT_VERSION = 1;
				GENERATE_INFOPLIST_FILE = YES;
				INFOPLIST_FILE = "crypto-marketplace/Info.plist";
				INFOPLIST_KEY_UIApplicationSupportsIndirectInputEvents = YES;
				INFOPLIST_KEY_UILaunchStoryboardName = LaunchScreen;
				INFOPLIST_KEY_UISupportedInterfaceOrientations_iPad = "UIInterfaceOrientationPortrait UIInterfaceOrientationPortraitUpsideDown UIInterfaceOrientationLandscapeLeft UIInterfaceOrientationLandscapeRight";
				INFOPLIST_KEY_UISupportedInterfaceOrientations_iPhone = "UIInterfaceOrientationPortrait UIInterfaceOrientationLandscapeLeft UIInterfaceOrientationLandscapeRight";
				LD_RUNPATH_SEARCH_PATHS = (
					"$(inherited)",
					"@executable_path/Frameworks",
				);
				MARKETING_VERSION = 1.0;
				PRODUCT_BUNDLE_IDENTIFIER = "com.karolmajka.crypto-marketplace";
				PRODUCT_NAME = "$(TARGET_NAME)";
				SWIFT_EMIT_LOC_STRINGS = YES;
				SWIFT_VERSION = 5.0;
				TARGETED_DEVICE_FAMILY = "1,2";
			};
			name = Debug;
		};
		F948130B285CE73300A0EAE8 /* Release */ = {
			isa = XCBuildConfiguration;
			baseConfigurationReference = 40ACB4E5EF9949D53BFB6BB7 /* Pods-crypto-marketplace.release.xcconfig */;
			buildSettings = {
				ASSETCATALOG_COMPILER_APPICON_NAME = AppIcon;
				ASSETCATALOG_COMPILER_GLOBAL_ACCENT_COLOR_NAME = AccentColor;
				CODE_SIGN_STYLE = Automatic;
				CURRENT_PROJECT_VERSION = 1;
				GENERATE_INFOPLIST_FILE = YES;
				INFOPLIST_FILE = "crypto-marketplace/Info.plist";
				INFOPLIST_KEY_UIApplicationSupportsIndirectInputEvents = YES;
				INFOPLIST_KEY_UILaunchStoryboardName = LaunchScreen;
				INFOPLIST_KEY_UISupportedInterfaceOrientations_iPad = "UIInterfaceOrientationPortrait UIInterfaceOrientationPortraitUpsideDown UIInterfaceOrientationLandscapeLeft UIInterfaceOrientationLandscapeRight";
				INFOPLIST_KEY_UISupportedInterfaceOrientations_iPhone = "UIInterfaceOrientationPortrait UIInterfaceOrientationLandscapeLeft UIInterfaceOrientationLandscapeRight";
				LD_RUNPATH_SEARCH_PATHS = (
					"$(inherited)",
					"@executable_path/Frameworks",
				);
				MARKETING_VERSION = 1.0;
				PRODUCT_BUNDLE_IDENTIFIER = "com.karolmajka.crypto-marketplace";
				PRODUCT_NAME = "$(TARGET_NAME)";
				SWIFT_EMIT_LOC_STRINGS = YES;
				SWIFT_VERSION = 5.0;
				TARGETED_DEVICE_FAMILY = "1,2";
			};
			name = Release;
		};
		F948130D285CE73300A0EAE8 /* Debug */ = {
			isa = XCBuildConfiguration;
			baseConfigurationReference = 3B0FACD58B7841415D800643 /* Pods-crypto-marketplaceTests.debug.xcconfig */;
			buildSettings = {
				BUNDLE_LOADER = "$(TEST_HOST)";
				CODE_SIGN_STYLE = Automatic;
				CURRENT_PROJECT_VERSION = 1;
				GENERATE_INFOPLIST_FILE = YES;
				IPHONEOS_DEPLOYMENT_TARGET = 15.2;
				MARKETING_VERSION = 1.0;
				PRODUCT_BUNDLE_IDENTIFIER = "com.karolmajka.crypto-marketplaceTests";
				PRODUCT_NAME = "$(TARGET_NAME)";
				SWIFT_EMIT_LOC_STRINGS = NO;
				SWIFT_VERSION = 5.0;
				TARGETED_DEVICE_FAMILY = "1,2";
				TEST_HOST = "$(BUILT_PRODUCTS_DIR)/crypto-marketplace.app/crypto-marketplace";
			};
			name = Debug;
		};
		F948130E285CE73300A0EAE8 /* Release */ = {
			isa = XCBuildConfiguration;
			baseConfigurationReference = 89AB2693405B4D004C06773E /* Pods-crypto-marketplaceTests.release.xcconfig */;
			buildSettings = {
				BUNDLE_LOADER = "$(TEST_HOST)";
				CODE_SIGN_STYLE = Automatic;
				CURRENT_PROJECT_VERSION = 1;
				GENERATE_INFOPLIST_FILE = YES;
				IPHONEOS_DEPLOYMENT_TARGET = 15.2;
				MARKETING_VERSION = 1.0;
				PRODUCT_BUNDLE_IDENTIFIER = "com.karolmajka.crypto-marketplaceTests";
				PRODUCT_NAME = "$(TARGET_NAME)";
				SWIFT_EMIT_LOC_STRINGS = NO;
				SWIFT_VERSION = 5.0;
				TARGETED_DEVICE_FAMILY = "1,2";
				TEST_HOST = "$(BUILT_PRODUCTS_DIR)/crypto-marketplace.app/crypto-marketplace";
			};
			name = Release;
		};
/* End XCBuildConfiguration section */

/* Begin XCConfigurationList section */
		F94812DA285CE73100A0EAE8 /* Build configuration list for PBXProject "crypto-marketplace" */ = {
			isa = XCConfigurationList;
			buildConfigurations = (
				F9481307285CE73300A0EAE8 /* Debug */,
				F9481308285CE73300A0EAE8 /* Release */,
			);
			defaultConfigurationIsVisible = 0;
			defaultConfigurationName = Release;
		};
		F9481309285CE73300A0EAE8 /* Build configuration list for PBXNativeTarget "crypto-marketplace" */ = {
			isa = XCConfigurationList;
			buildConfigurations = (
				F948130A285CE73300A0EAE8 /* Debug */,
				F948130B285CE73300A0EAE8 /* Release */,
			);
			defaultConfigurationIsVisible = 0;
			defaultConfigurationName = Release;
		};
		F948130C285CE73300A0EAE8 /* Build configuration list for PBXNativeTarget "crypto-marketplaceTests" */ = {
			isa = XCConfigurationList;
			buildConfigurations = (
				F948130D285CE73300A0EAE8 /* Debug */,
				F948130E285CE73300A0EAE8 /* Release */,
			);
			defaultConfigurationIsVisible = 0;
			defaultConfigurationName = Release;
		};
/* End XCConfigurationList section */
	};
	rootObject = F94812D7285CE73100A0EAE8 /* Project object */;
}
